
Microsoft Visual Studio Solution File, Format Version 12.00
# Visual Studio Version 17
VisualStudioVersion = 17.8.34525.116
MinimumVisualStudioVersion = 10.0.40219.1
Project("{9A19103F-16F7-4668-BE54-9A1E7A4F7556}") = "Gift", "Gift.csproj", "{42ED170C-42F7-49BD-A158-BFA0B189E596}"
EndProject
Global
	GlobalSection(SolutionConfigurationPlatforms) = preSolution
		Debug|Any CPU = Debug|Any CPU
		Release|Any CPU = Release|Any CPU
	EndGlobalSection
	GlobalSection(ProjectConfigurationPlatforms) = postSolution
		{42ED170C-42F7-49BD-A158-BFA0B189E596}.Debug|Any CPU.ActiveCfg = Debug|Any CPU
		{42ED170C-42F7-49BD-A158-BFA0B189E596}.Debug|Any CPU.Build.0 = Debug|Any CPU
		{42ED170C-42F7-49BD-A158-BFA0B189E596}.Release|Any CPU.ActiveCfg = Release|Any CPU
		{42ED170C-42F7-49BD-A158-BFA0B189E596}.Release|Any CPU.Build.0 = Release|Any CPU
	EndGlobalSection
	GlobalSection(SolutionProperties) = preSolution
		HideSolutionNode = FALSE
	EndGlobalSection
	GlobalSection(ExtensibilityGlobals) = postSolution
		SolutionGuid = {4C86F82C-BFFB-417C-9A3A-955B9185B6E0}
	EndGlobalSection
EndGlobal
